
Microsoft Visual Studio Solution File, Format Version 12.00
# Visual Studio Version 17
VisualStudioVersion = 17.6.33801.468
MinimumVisualStudioVersion = 10.0.40219.1
Project("{FAE04EC0-301F-11D3-BF4B-00C04F79EFBC}") = "GP Fitness", "GP Fitness\GP Fitness.csproj", "{8A7B79B0-E35D-4227-8070-6981C94CC6D2}"
EndProject
Global
	GlobalSection(SolutionConfigurationPlatforms) = preSolution
		Debug|Any CPU = Debug|Any CPU
		Release|Any CPU = Release|Any CPU
	EndGlobalSection
	GlobalSection(ProjectConfigurationPlatforms) = postSolution
		{8A7B79B0-E35D-4227-8070-6981C94CC6D2}.Debug|Any CPU.ActiveCfg = Debug|Any CPU
		{8A7B79B0-E35D-4227-8070-6981C94CC6D2}.Debug|Any CPU.Build.0 = Debug|Any CPU
		{8A7B79B0-E35D-4227-8070-6981C94CC6D2}.Release|Any CPU.ActiveCfg = Release|Any CPU
		{8A7B79B0-E35D-4227-8070-6981C94CC6D2}.Release|Any CPU.Build.0 = Release|Any CPU
	EndGlobalSection
	GlobalSection(SolutionProperties) = preSolution
		HideSolutionNode = FALSE
	EndGlobalSection
	GlobalSection(ExtensibilityGlobals) = postSolution
		SolutionGuid = {E44DB3CA-93DF-4673-8B35-FAA5A2532AD1}
	EndGlobalSection
EndGlobal
